
Microsoft Visual Studio Solution File, Format Version 12.00
# Visual Studio Version 16
VisualStudioVersion = 16.0.29215.179
MinimumVisualStudioVersion = 10.0.40219.1
Project("{FAE04EC0-301F-11D3-BF4B-00C04F79EFBC}") = "Battleships", "Battleships\Battleships.csproj", "{1BC05AA3-8731-40D3-9C13-076C3D894F02}"
EndProject
Global
	GlobalSection(SolutionConfigurationPlatforms) = preSolution
		Debug|Any CPU = Debug|Any CPU
		Release|Any CPU = Release|Any CPU
	EndGlobalSection
	GlobalSection(ProjectConfigurationPlatforms) = postSolution
		{1BC05AA3-8731-40D3-9C13-076C3D894F02}.Debug|Any CPU.ActiveCfg = Debug|Any CPU
		{1BC05AA3-8731-40D3-9C13-076C3D894F02}.Debug|Any CPU.Build.0 = Debug|Any CPU
		{1BC05AA3-8731-40D3-9C13-076C3D894F02}.Release|Any CPU.ActiveCfg = Release|Any CPU
		{1BC05AA3-8731-40D3-9C13-076C3D894F02}.Release|Any CPU.Build.0 = Release|Any CPU
	EndGlobalSection
	GlobalSection(SolutionProperties) = preSolution
		HideSolutionNode = FALSE
	EndGlobalSection
	GlobalSection(ExtensibilityGlobals) = postSolution
		SolutionGuid = {67C180F0-E075-4011-9FE8-8C352769C8D5}
	EndGlobalSection
EndGlobal
